// !$*UTF8*$!
{
	archiveVersion = 1;
	classes = {
	};
	objectVersion = 50;
	objects = {

/* Begin PBXBuildFile section */
		EA22B57D2666D15E00A39916 /* RemindersApp.swift in Sources */ = {isa = PBXBuildFile; fileRef = EA22B57C2666D15E00A39916 /* RemindersApp.swift */; };
		EA22B57F2666D15E00A39916 /* ContentView.swift in Sources */ = {isa = PBXBuildFile; fileRef = EA22B57E2666D15E00A39916 /* ContentView.swift */; };
		EA22B5812666D16000A39916 /* Assets.xcassets in Resources */ = {isa = PBXBuildFile; fileRef = EA22B5802666D16000A39916 /* Assets.xcassets */; };
		EA22B5842666D16000A39916 /* Preview Assets.xcassets in Resources */ = {isa = PBXBuildFile; fileRef = EA22B5832666D16000A39916 /* Preview Assets.xcassets */; };
		EA22B5862666D16000A39916 /* Persistence.swift in Sources */ = {isa = PBXBuildFile; fileRef = EA22B5852666D16000A39916 /* Persistence.swift */; };
		EA22B5892666D16000A39916 /* Reminders.xcdatamodeld in Sources */ = {isa = PBXBuildFile; fileRef = EA22B5872666D16000A39916 /* Reminders.xcdatamodeld */; };
		EA22B5A12666D8A800A39916 /* RemindersView.swift in Sources */ = {isa = PBXBuildFile; fileRef = EA22B5A02666D8A800A39916 /* RemindersView.swift */; };
		EA22B5A32666D8B400A39916 /* ToDoList View.swift in Sources */ = {isa = PBXBuildFile; fileRef = EA22B5A22666D8B400A39916 /* ToDoList View.swift */; };
		EA22B5A92666DFB700A39916 /* DataStorage.swift in Sources */ = {isa = PBXBuildFile; fileRef = EA22B5A82666DFB700A39916 /* DataStorage.swift */; };
		FA7E0F972667DB5600E642C1 /* AddReminder.swift in Sources */ = {isa = PBXBuildFile; fileRef = FA7E0F962667DB5600E642C1 /* AddReminder.swift */; };
		FA7E0F992668223500E642C1 /* CategoryCard.swift in Sources */ = {isa = PBXBuildFile; fileRef = FA7E0F982668223500E642C1 /* CategoryCard.swift */; };
		FA7E0F9B26682AB000E642C1 /* ReminderNoteModel.swift in Sources */ = {isa = PBXBuildFile; fileRef = FA7E0F9A26682AB000E642C1 /* ReminderNoteModel.swift */; };
		FA7E0FA426684A0900E642C1 /* WidgetKit.framework in Frameworks */ = {isa = PBXBuildFile; fileRef = FA7E0FA326684A0900E642C1 /* WidgetKit.framework */; };
		FA7E0FA626684A0900E642C1 /* SwiftUI.framework in Frameworks */ = {isa = PBXBuildFile; fileRef = FA7E0FA526684A0900E642C1 /* SwiftUI.framework */; };
		FA7E0FA926684A0900E642C1 /* ReminderWidget.swift in Sources */ = {isa = PBXBuildFile; fileRef = FA7E0FA826684A0900E642C1 /* ReminderWidget.swift */; };
		FA7E0FAC26684A0B00E642C1 /* Assets.xcassets in Resources */ = {isa = PBXBuildFile; fileRef = FA7E0FAB26684A0B00E642C1 /* Assets.xcassets */; };
		FA7E0FAE26684A0B00E642C1 /* ReminderWidget.intentdefinition in Sources */ = {isa = PBXBuildFile; fileRef = FA7E0FAA26684A0900E642C1 /* ReminderWidget.intentdefinition */; };
		FA7E0FAF26684A0B00E642C1 /* ReminderWidget.intentdefinition in Sources */ = {isa = PBXBuildFile; fileRef = FA7E0FAA26684A0900E642C1 /* ReminderWidget.intentdefinition */; };
		FA7E0FB226684A0B00E642C1 /* ReminderWidgetExtension.appex in Embed App Extensions */ = {isa = PBXBuildFile; fileRef = FA7E0FA126684A0900E642C1 /* ReminderWidgetExtension.appex */; settings = {ATTRIBUTES = (RemoveHeadersOnCopy, ); }; };
		FA7E0FB726684A8100E642C1 /* ReminderNoteModel.swift in Sources */ = {isa = PBXBuildFile; fileRef = FA7E0F9A26682AB000E642C1 /* ReminderNoteModel.swift */; };
		FA7E0FB926684AB100E642C1 /* ReminderNoteRow.swift in Sources */ = {isa = PBXBuildFile; fileRef = FA7E0FB826684AB100E642C1 /* ReminderNoteRow.swift */; };
		FA7E0FBA26684AB400E642C1 /* ReminderNoteRow.swift in Sources */ = {isa = PBXBuildFile; fileRef = FA7E0FB826684AB100E642C1 /* ReminderNoteRow.swift */; };
/* End PBXBuildFile section */

/* Begin PBXContainerItemProxy section */
		FA7E0FB026684A0B00E642C1 /* PBXContainerItemProxy */ = {
			isa = PBXContainerItemProxy;
			containerPortal = EA22B5712666D15E00A39916 /* Project object */;
			proxyType = 1;
			remoteGlobalIDString = FA7E0FA026684A0900E642C1;
			remoteInfo = ReminderWidgetExtension;
		};
/* End PBXContainerItemProxy section */

/* Begin PBXCopyFilesBuildPhase section */
		FA7E0FB626684A0B00E642C1 /* Embed App Extensions */ = {
			isa = PBXCopyFilesBuildPhase;
			buildActionMask = 2147483647;
			dstPath = "";
			dstSubfolderSpec = 13;
			files = (
				FA7E0FB226684A0B00E642C1 /* ReminderWidgetExtension.appex in Embed App Extensions */,
			);
			name = "Embed App Extensions";
			runOnlyForDeploymentPostprocessing = 0;
		};
/* End PBXCopyFilesBuildPhase section */

/* Begin PBXFileReference section */
		EA22B5792666D15E00A39916 /* Reminders.app */ = {isa = PBXFileReference; explicitFileType = wrapper.application; includeInIndex = 0; path = Reminders.app; sourceTree = BUILT_PRODUCTS_DIR; };
		EA22B57C2666D15E00A39916 /* RemindersApp.swift */ = {isa = PBXFileReference; lastKnownFileType = sourcecode.swift; path = RemindersApp.swift; sourceTree = "<group>"; };
		EA22B57E2666D15E00A39916 /* ContentView.swift */ = {isa = PBXFileReference; lastKnownFileType = sourcecode.swift; path = ContentView.swift; sourceTree = "<group>"; };
		EA22B5802666D16000A39916 /* Assets.xcassets */ = {isa = PBXFileReference; lastKnownFileType = folder.assetcatalog; path = Assets.xcassets; sourceTree = "<group>"; };
		EA22B5832666D16000A39916 /* Preview Assets.xcassets */ = {isa = PBXFileReference; lastKnownFileType = folder.assetcatalog; path = "Preview Assets.xcassets"; sourceTree = "<group>"; };
		EA22B5852666D16000A39916 /* Persistence.swift */ = {isa = PBXFileReference; lastKnownFileType = sourcecode.swift; path = Persistence.swift; sourceTree = "<group>"; };
		EA22B5882666D16000A39916 /* Reminders.xcdatamodel */ = {isa = PBXFileReference; lastKnownFileType = wrapper.xcdatamodel; path = Reminders.xcdatamodel; sourceTree = "<group>"; };
		EA22B58A2666D16000A39916 /* Info.plist */ = {isa = PBXFileReference; lastKnownFileType = text.plist.xml; path = Info.plist; sourceTree = "<group>"; };
		EA22B5A02666D8A800A39916 /* RemindersView.swift */ = {isa = PBXFileReference; lastKnownFileType = sourcecode.swift; path = RemindersView.swift; sourceTree = "<group>"; };
		EA22B5A22666D8B400A39916 /* ToDoList View.swift */ = {isa = PBXFileReference; lastKnownFileType = sourcecode.swift; path = "ToDoList View.swift"; sourceTree = "<group>"; };
		EA22B5A82666DFB700A39916 /* DataStorage.swift */ = {isa = PBXFileReference; lastKnownFileType = sourcecode.swift; path = DataStorage.swift; sourceTree = "<group>"; };
		FA7E0F962667DB5600E642C1 /* AddReminder.swift */ = {isa = PBXFileReference; lastKnownFileType = sourcecode.swift; path = AddReminder.swift; sourceTree = "<group>"; };
		FA7E0F982668223500E642C1 /* CategoryCard.swift */ = {isa = PBXFileReference; lastKnownFileType = sourcecode.swift; path = CategoryCard.swift; sourceTree = "<group>"; };
		FA7E0F9A26682AB000E642C1 /* ReminderNoteModel.swift */ = {isa = PBXFileReference; lastKnownFileType = sourcecode.swift; path = ReminderNoteModel.swift; sourceTree = "<group>"; };
		FA7E0F9C266831FC00E642C1 /* Reminders.entitlements */ = {isa = PBXFileReference; lastKnownFileType = text.plist.entitlements; path = Reminders.entitlements; sourceTree = "<group>"; };
		FA7E0FA126684A0900E642C1 /* ReminderWidgetExtension.appex */ = {isa = PBXFileReference; explicitFileType = "wrapper.app-extension"; includeInIndex = 0; path = ReminderWidgetExtension.appex; sourceTree = BUILT_PRODUCTS_DIR; };
		FA7E0FA326684A0900E642C1 /* WidgetKit.framework */ = {isa = PBXFileReference; lastKnownFileType = wrapper.framework; name = WidgetKit.framework; path = System/Library/Frameworks/WidgetKit.framework; sourceTree = SDKROOT; };
		FA7E0FA526684A0900E642C1 /* SwiftUI.framework */ = {isa = PBXFileReference; lastKnownFileType = wrapper.framework; name = SwiftUI.framework; path = System/Library/Frameworks/SwiftUI.framework; sourceTree = SDKROOT; };
		FA7E0FA826684A0900E642C1 /* ReminderWidget.swift */ = {isa = PBXFileReference; lastKnownFileType = sourcecode.swift; path = ReminderWidget.swift; sourceTree = "<group>"; };
		FA7E0FAA26684A0900E642C1 /* ReminderWidget.intentdefinition */ = {isa = PBXFileReference; lastKnownFileType = file.intentdefinition; path = ReminderWidget.intentdefinition; sourceTree = "<group>"; };
		FA7E0FAB26684A0B00E642C1 /* Assets.xcassets */ = {isa = PBXFileReference; lastKnownFileType = folder.assetcatalog; path = Assets.xcassets; sourceTree = "<group>"; };
		FA7E0FAD26684A0B00E642C1 /* Info.plist */ = {isa = PBXFileReference; lastKnownFileType = text.plist.xml; path = Info.plist; sourceTree = "<group>"; };
		FA7E0FB826684AB100E642C1 /* ReminderNoteRow.swift */ = {isa = PBXFileReference; lastKnownFileType = sourcecode.swift; path = ReminderNoteRow.swift; sourceTree = "<group>"; };
/* End PBXFileReference section */

/* Begin PBXFrameworksBuildPhase section */
		EA22B5762666D15E00A39916 /* Frameworks */ = {
			isa = PBXFrameworksBuildPhase;
			buildActionMask = 2147483647;
			files = (
			);
			runOnlyForDeploymentPostprocessing = 0;
		};
		FA7E0F9E26684A0900E642C1 /* Frameworks */ = {
			isa = PBXFrameworksBuildPhase;
			buildActionMask = 2147483647;
			files = (
				FA7E0FA626684A0900E642C1 /* SwiftUI.framework in Frameworks */,
				FA7E0FA426684A0900E642C1 /* WidgetKit.framework in Frameworks */,
			);
			runOnlyForDeploymentPostprocessing = 0;
		};
/* End PBXFrameworksBuildPhase section */

/* Begin PBXGroup section */
		EA22B5702666D15E00A39916 = {
			isa = PBXGroup;
			children = (
				EA22B57B2666D15E00A39916 /* Reminders */,
				FA7E0FA726684A0900E642C1 /* ReminderWidget */,
				FA7E0FA226684A0900E642C1 /* Frameworks */,
				EA22B57A2666D15E00A39916 /* Products */,
			);
			sourceTree = "<group>";
		};
		EA22B57A2666D15E00A39916 /* Products */ = {
			isa = PBXGroup;
			children = (
				EA22B5792666D15E00A39916 /* Reminders.app */,
				FA7E0FA126684A0900E642C1 /* ReminderWidgetExtension.appex */,
			);
			name = Products;
			sourceTree = "<group>";
		};
		EA22B57B2666D15E00A39916 /* Reminders */ = {
			isa = PBXGroup;
			children = (
				FA7E0F9C266831FC00E642C1 /* Reminders.entitlements */,
				EA22B5A52666D8F800A39916 /* AppDelegate */,
				EA22B5A42666D8B800A39916 /* Views */,
				EA22B5A62666D90500A39916 /* DataStorage */,
				EA22B5822666D16000A39916 /* Preview Content */,
				EA22B5802666D16000A39916 /* Assets.xcassets */,
				EA22B58A2666D16000A39916 /* Info.plist */,
			);
			path = Reminders;
			sourceTree = "<group>";
		};
		EA22B5822666D16000A39916 /* Preview Content */ = {
			isa = PBXGroup;
			children = (
				EA22B5832666D16000A39916 /* Preview Assets.xcassets */,
			);
			path = "Preview Content";
			sourceTree = "<group>";
		};
		EA22B5A42666D8B800A39916 /* Views */ = {
			isa = PBXGroup;
			children = (
				EA22B57E2666D15E00A39916 /* ContentView.swift */,
				EA22B5AA2666DFFB00A39916 /* RemindersView */,
				EA22B5A72666DFA900A39916 /* ToDoListView */,
			);
			path = Views;
			sourceTree = "<group>";
		};
		EA22B5A52666D8F800A39916 /* AppDelegate */ = {
			isa = PBXGroup;
			children = (
				EA22B57C2666D15E00A39916 /* RemindersApp.swift */,
			);
			path = AppDelegate;
			sourceTree = "<group>";
		};
		EA22B5A62666D90500A39916 /* DataStorage */ = {
			isa = PBXGroup;
			children = (
				EA22B5852666D16000A39916 /* Persistence.swift */,
				EA22B5872666D16000A39916 /* Reminders.xcdatamodeld */,
			);
			path = DataStorage;
			sourceTree = "<group>";
		};
		EA22B5A72666DFA900A39916 /* ToDoListView */ = {
			isa = PBXGroup;
			children = (
				EA22B5A22666D8B400A39916 /* ToDoList View.swift */,
				EA22B5A82666DFB700A39916 /* DataStorage.swift */,
			);
			path = ToDoListView;
			sourceTree = "<group>";
		};
		EA22B5AA2666DFFB00A39916 /* RemindersView */ = {
			isa = PBXGroup;
			children = (
				EA22B5A02666D8A800A39916 /* RemindersView.swift */,
				FA7E0FB826684AB100E642C1 /* ReminderNoteRow.swift */,
				FA7E0F962667DB5600E642C1 /* AddReminder.swift */,
				FA7E0F982668223500E642C1 /* CategoryCard.swift */,
				FA7E0F9A26682AB000E642C1 /* ReminderNoteModel.swift */,
			);
			path = RemindersView;
			sourceTree = "<group>";
		};
		FA7E0FA226684A0900E642C1 /* Frameworks */ = {
			isa = PBXGroup;
			children = (
				FA7E0FA326684A0900E642C1 /* WidgetKit.framework */,
				FA7E0FA526684A0900E642C1 /* SwiftUI.framework */,
			);
			name = Frameworks;
			sourceTree = "<group>";
		};
		FA7E0FA726684A0900E642C1 /* ReminderWidget */ = {
			isa = PBXGroup;
			children = (
				FA7E0FA826684A0900E642C1 /* ReminderWidget.swift */,
				FA7E0FAA26684A0900E642C1 /* ReminderWidget.intentdefinition */,
				FA7E0FAB26684A0B00E642C1 /* Assets.xcassets */,
				FA7E0FAD26684A0B00E642C1 /* Info.plist */,
			);
			path = ReminderWidget;
			sourceTree = "<group>";
		};
/* End PBXGroup section */

/* Begin PBXNativeTarget section */
		EA22B5782666D15E00A39916 /* Reminders */ = {
			isa = PBXNativeTarget;
			buildConfigurationList = EA22B58D2666D16000A39916 /* Build configuration list for PBXNativeTarget "Reminders" */;
			buildPhases = (
				EA22B5752666D15E00A39916 /* Sources */,
				EA22B5762666D15E00A39916 /* Frameworks */,
				EA22B5772666D15E00A39916 /* Resources */,
				FA7E0FB626684A0B00E642C1 /* Embed App Extensions */,
			);
			buildRules = (
			);
			dependencies = (
				FA7E0FB126684A0B00E642C1 /* PBXTargetDependency */,
			);
			name = Reminders;
			productName = Reminders;
			productReference = EA22B5792666D15E00A39916 /* Reminders.app */;
			productType = "com.apple.product-type.application";
		};
		FA7E0FA026684A0900E642C1 /* ReminderWidgetExtension */ = {
			isa = PBXNativeTarget;
			buildConfigurationList = FA7E0FB326684A0B00E642C1 /* Build configuration list for PBXNativeTarget "ReminderWidgetExtension" */;
			buildPhases = (
				FA7E0F9D26684A0900E642C1 /* Sources */,
				FA7E0F9E26684A0900E642C1 /* Frameworks */,
				FA7E0F9F26684A0900E642C1 /* Resources */,
			);
			buildRules = (
			);
			dependencies = (
			);
			name = ReminderWidgetExtension;
			productName = ReminderWidgetExtension;
			productReference = FA7E0FA126684A0900E642C1 /* ReminderWidgetExtension.appex */;
			productType = "com.apple.product-type.app-extension";
		};
/* End PBXNativeTarget section */

/* Begin PBXProject section */
		EA22B5712666D15E00A39916 /* Project object */ = {
			isa = PBXProject;
			attributes = {
				LastSwiftUpdateCheck = 1250;
				LastUpgradeCheck = 1250;
				TargetAttributes = {
					EA22B5782666D15E00A39916 = {
						CreatedOnToolsVersion = 12.5;
					};
					FA7E0FA026684A0900E642C1 = {
						CreatedOnToolsVersion = 12.5;
					};
				};
			};
			buildConfigurationList = EA22B5742666D15E00A39916 /* Build configuration list for PBXProject "Reminders" */;
			compatibilityVersion = "Xcode 9.3";
			developmentRegion = en;
			hasScannedForEncodings = 0;
			knownRegions = (
				en,
				Base,
			);
			mainGroup = EA22B5702666D15E00A39916;
			productRefGroup = EA22B57A2666D15E00A39916 /* Products */;
			projectDirPath = "";
			projectRoot = "";
			targets = (
				EA22B5782666D15E00A39916 /* Reminders */,
				FA7E0FA026684A0900E642C1 /* ReminderWidgetExtension */,
			);
		};
/* End PBXProject section */

/* Begin PBXResourcesBuildPhase section */
		EA22B5772666D15E00A39916 /* Resources */ = {
			isa = PBXResourcesBuildPhase;
			buildActionMask = 2147483647;
			files = (
				EA22B5842666D16000A39916 /* Preview Assets.xcassets in Resources */,
				EA22B5812666D16000A39916 /* Assets.xcassets in Resources */,
			);
			runOnlyForDeploymentPostprocessing = 0;
		};
		FA7E0F9F26684A0900E642C1 /* Resources */ = {
			isa = PBXResourcesBuildPhase;
			buildActionMask = 2147483647;
			files = (
				FA7E0FAC26684A0B00E642C1 /* Assets.xcassets in Resources */,
			);
			runOnlyForDeploymentPostprocessing = 0;
		};
/* End PBXResourcesBuildPhase section */

/* Begin PBXSourcesBuildPhase section */
		EA22B5752666D15E00A39916 /* Sources */ = {
			isa = PBXSourcesBuildPhase;
			buildActionMask = 2147483647;
			files = (
				EA22B5862666D16000A39916 /* Persistence.swift in Sources */,
				EA22B57F2666D15E00A39916 /* ContentView.swift in Sources */,
				EA22B5A12666D8A800A39916 /* RemindersView.swift in Sources */,
				FA7E0F9B26682AB000E642C1 /* ReminderNoteModel.swift in Sources */,
				FA7E0FB926684AB100E642C1 /* ReminderNoteRow.swift in Sources */,
				FA7E0F992668223500E642C1 /* CategoryCard.swift in Sources */,
				FA7E0F972667DB5600E642C1 /* AddReminder.swift in Sources */,
				FA7E0FAF26684A0B00E642C1 /* ReminderWidget.intentdefinition in Sources */,
				EA22B57D2666D15E00A39916 /* RemindersApp.swift in Sources */,
				EA22B5892666D16000A39916 /* Reminders.xcdatamodeld in Sources */,
				EA22B5A92666DFB700A39916 /* DataStorage.swift in Sources */,
				EA22B5A32666D8B400A39916 /* ToDoList View.swift in Sources */,
			);
			runOnlyForDeploymentPostprocessing = 0;
		};
		FA7E0F9D26684A0900E642C1 /* Sources */ = {
			isa = PBXSourcesBuildPhase;
			buildActionMask = 2147483647;
			files = (
				FA7E0FBA26684AB400E642C1 /* ReminderNoteRow.swift in Sources */,
				FA7E0FB726684A8100E642C1 /* ReminderNoteModel.swift in Sources */,
				FA7E0FAE26684A0B00E642C1 /* ReminderWidget.intentdefinition in Sources */,
				FA7E0FA926684A0900E642C1 /* ReminderWidget.swift in Sources */,
			);
			runOnlyForDeploymentPostprocessing = 0;
		};
/* End PBXSourcesBuildPhase section */

/* Begin PBXTargetDependency section */
		FA7E0FB126684A0B00E642C1 /* PBXTargetDependency */ = {
			isa = PBXTargetDependency;
			target = FA7E0FA026684A0900E642C1 /* ReminderWidgetExtension */;
			targetProxy = FA7E0FB026684A0B00E642C1 /* PBXContainerItemProxy */;
		};
/* End PBXTargetDependency section */

/* Begin XCBuildConfiguration section */
		EA22B58B2666D16000A39916 /* Debug */ = {
			isa = XCBuildConfiguration;
			buildSettings = {
				ALWAYS_SEARCH_USER_PATHS = NO;
				CLANG_ANALYZER_NONNULL = YES;
				CLANG_ANALYZER_NUMBER_OBJECT_CONVERSION = YES_AGGRESSIVE;
				CLANG_CXX_LANGUAGE_STANDARD = "gnu++14";
				CLANG_CXX_LIBRARY = "libc++";
				CLANG_ENABLE_MODULES = YES;
				CLANG_ENABLE_OBJC_ARC = YES;
				CLANG_ENABLE_OBJC_WEAK = YES;
				CLANG_WARN_BLOCK_CAPTURE_AUTORELEASING = YES;
				CLANG_WARN_BOOL_CONVERSION = YES;
				CLANG_WARN_COMMA = YES;
				CLANG_WARN_CONSTANT_CONVERSION = YES;
				CLANG_WARN_DEPRECATED_OBJC_IMPLEMENTATIONS = YES;
				CLANG_WARN_DIRECT_OBJC_ISA_USAGE = YES_ERROR;
				CLANG_WARN_DOCUMENTATION_COMMENTS = YES;
				CLANG_WARN_EMPTY_BODY = YES;
				CLANG_WARN_ENUM_CONVERSION = YES;
				CLANG_WARN_INFINITE_RECURSION = YES;
				CLANG_WARN_INT_CONVERSION = YES;
				CLANG_WARN_NON_LITERAL_NULL_CONVERSION = YES;
				CLANG_WARN_OBJC_IMPLICIT_RETAIN_SELF = YES;
				CLANG_WARN_OBJC_LITERAL_CONVERSION = YES;
				CLANG_WARN_OBJC_ROOT_CLASS = YES_ERROR;
				CLANG_WARN_QUOTED_INCLUDE_IN_FRAMEWORK_HEADER = YES;
				CLANG_WARN_RANGE_LOOP_ANALYSIS = YES;
				CLANG_WARN_STRICT_PROTOTYPES = YES;
				CLANG_WARN_SUSPICIOUS_MOVE = YES;
				CLANG_WARN_UNGUARDED_AVAILABILITY = YES_AGGRESSIVE;
				CLANG_WARN_UNREACHABLE_CODE = YES;
				CLANG_WARN__DUPLICATE_METHOD_MATCH = YES;
				COPY_PHASE_STRIP = NO;
				DEBUG_INFORMATION_FORMAT = dwarf;
				ENABLE_STRICT_OBJC_MSGSEND = YES;
				ENABLE_TESTABILITY = YES;
				GCC_C_LANGUAGE_STANDARD = gnu11;
				GCC_DYNAMIC_NO_PIC = NO;
				GCC_NO_COMMON_BLOCKS = YES;
				GCC_OPTIMIZATION_LEVEL = 0;
				GCC_PREPROCESSOR_DEFINITIONS = (
					"DEBUG=1",
					"$(inherited)",
				);
				GCC_WARN_64_TO_32_BIT_CONVERSION = YES;
				GCC_WARN_ABOUT_RETURN_TYPE = YES_ERROR;
				GCC_WARN_UNDECLARED_SELECTOR = YES;
				GCC_WARN_UNINITIALIZED_AUTOS = YES_AGGRESSIVE;
				GCC_WARN_UNUSED_FUNCTION = YES;
				GCC_WARN_UNUSED_VARIABLE = YES;
				IPHONEOS_DEPLOYMENT_TARGET = 14.5;
				MTL_ENABLE_DEBUG_INFO = INCLUDE_SOURCE;
				MTL_FAST_MATH = YES;
				ONLY_ACTIVE_ARCH = YES;
				SDKROOT = iphoneos;
				SWIFT_ACTIVE_COMPILATION_CONDITIONS = DEBUG;
				SWIFT_OPTIMIZATION_LEVEL = "-Onone";
			};
			name = Debug;
		};
		EA22B58C2666D16000A39916 /* Release */ = {
			isa = XCBuildConfiguration;
			buildSettings = {
				ALWAYS_SEARCH_USER_PATHS = NO;
				CLANG_ANALYZER_NONNULL = YES;
				CLANG_ANALYZER_NUMBER_OBJECT_CONVERSION = YES_AGGRESSIVE;
				CLANG_CXX_LANGUAGE_STANDARD = "gnu++14";
				CLANG_CXX_LIBRARY = "libc++";
				CLANG_ENABLE_MODULES = YES;
				CLANG_ENABLE_OBJC_ARC = YES;
				CLANG_ENABLE_OBJC_WEAK = YES;
				CLANG_WARN_BLOCK_CAPTURE_AUTORELEASING = YES;
				CLANG_WARN_BOOL_CONVERSION = YES;
				CLANG_WARN_COMMA = YES;
				CLANG_WARN_CONSTANT_CONVERSION = YES;
				CLANG_WARN_DEPRECATED_OBJC_IMPLEMENTATIONS = YES;
				CLANG_WARN_DIRECT_OBJC_ISA_USAGE = YES_ERROR;
				CLANG_WARN_DOCUMENTATION_COMMENTS = YES;
				CLANG_WARN_EMPTY_BODY = YES;
				CLANG_WARN_ENUM_CONVERSION = YES;
				CLANG_WARN_INFINITE_RECURSION = YES;
				CLANG_WARN_INT_CONVERSION = YES;
				CLANG_WARN_NON_LITERAL_NULL_CONVERSION = YES;
				CLANG_WARN_OBJC_IMPLICIT_RETAIN_SELF = YES;
				CLANG_WARN_OBJC_LITERAL_CONVERSION = YES;
				CLANG_WARN_OBJC_ROOT_CLASS = YES_ERROR;
				CLANG_WARN_QUOTED_INCLUDE_IN_FRAMEWORK_HEADER = YES;
				CLANG_WARN_RANGE_LOOP_ANALYSIS = YES;
				CLANG_WARN_STRICT_PROTOTYPES = YES;
				CLANG_WARN_SUSPICIOUS_MOVE = YES;
				CLANG_WARN_UNGUARDED_AVAILABILITY = YES_AGGRESSIVE;
				CLANG_WARN_UNREACHABLE_CODE = YES;
				CLANG_WARN__DUPLICATE_METHOD_MATCH = YES;
				COPY_PHASE_STRIP = NO;
				DEBUG_INFORMATION_FORMAT = "dwarf-with-dsym";
				ENABLE_NS_ASSERTIONS = NO;
				ENABLE_STRICT_OBJC_MSGSEND = YES;
				GCC_C_LANGUAGE_STANDARD = gnu11;
				GCC_NO_COMMON_BLOCKS = YES;
				GCC_WARN_64_TO_32_BIT_CONVERSION = YES;
				GCC_WARN_ABOUT_RETURN_TYPE = YES_ERROR;
				GCC_WARN_UNDECLARED_SELECTOR = YES;
				GCC_WARN_UNINITIALIZED_AUTOS = YES_AGGRESSIVE;
				GCC_WARN_UNUSED_FUNCTION = YES;
				GCC_WARN_UNUSED_VARIABLE = YES;
				IPHONEOS_DEPLOYMENT_TARGET = 14.5;
				MTL_ENABLE_DEBUG_INFO = NO;
				MTL_FAST_MATH = YES;
				SDKROOT = iphoneos;
				SWIFT_COMPILATION_MODE = wholemodule;
				SWIFT_OPTIMIZATION_LEVEL = "-O";
				VALIDATE_PRODUCT = YES;
			};
			name = Release;
		};
		EA22B58E2666D16000A39916 /* Debug */ = {
			isa = XCBuildConfiguration;
			buildSettings = {
				ALWAYS_EMBED_SWIFT_STANDARD_LIBRARIES = YES;
				ASSETCATALOG_COMPILER_APPICON_NAME = AppIcon;
				ASSETCATALOG_COMPILER_GLOBAL_ACCENT_COLOR_NAME = AccentColor;
				CODE_SIGN_ENTITLEMENTS = Reminders/Reminders.entitlements;
				CODE_SIGN_STYLE = Automatic;
				DEVELOPMENT_ASSET_PATHS = "\"Reminders/Preview Content\"";
				DEVELOPMENT_TEAM = GY5GDJ28B9;
				ENABLE_PREVIEWS = YES;
				INFOPLIST_FILE = Reminders/Info.plist;
				IPHONEOS_DEPLOYMENT_TARGET = 14.0;
				LD_RUNPATH_SEARCH_PATHS = (
					"$(inherited)",
					"@executable_path/Frameworks",
				);
				PRODUCT_BUNDLE_IDENTIFIER = com.fixedSolution.Reminders;
				PRODUCT_NAME = "$(TARGET_NAME)";
				SWIFT_VERSION = 5.0;
				TARGETED_DEVICE_FAMILY = "1,2";
			};
			name = Debug;
		};
		EA22B58F2666D16000A39916 /* Release */ = {
			isa = XCBuildConfiguration;
			buildSettings = {
				ALWAYS_EMBED_SWIFT_STANDARD_LIBRARIES = YES;
				ASSETCATALOG_COMPILER_APPICON_NAME = AppIcon;
				ASSETCATALOG_COMPILER_GLOBAL_ACCENT_COLOR_NAME = AccentColor;
				CODE_SIGN_ENTITLEMENTS = Reminders/Reminders.entitlements;
				CODE_SIGN_STYLE = Automatic;
				DEVELOPMENT_ASSET_PATHS = "\"Reminders/Preview Content\"";
				DEVELOPMENT_TEAM = GY5GDJ28B9;
				ENABLE_PREVIEWS = YES;
				INFOPLIST_FILE = Reminders/Info.plist;
				IPHONEOS_DEPLOYMENT_TARGET = 14.0;
				LD_RUNPATH_SEARCH_PATHS = (
					"$(inherited)",
					"@executable_path/Frameworks",
				);
				PRODUCT_BUNDLE_IDENTIFIER = com.fixedSolution.Reminders;
				PRODUCT_NAME = "$(TARGET_NAME)";
				SWIFT_VERSION = 5.0;
				TARGETED_DEVICE_FAMILY = "1,2";
			};
			name = Release;
		};
		FA7E0FB426684A0B00E642C1 /* Debug */ = {
			isa = XCBuildConfiguration;
			buildSettings = {
				ASSETCATALOG_COMPILER_GLOBAL_ACCENT_COLOR_NAME = AccentColor;
				ASSETCATALOG_COMPILER_WIDGET_BACKGROUND_COLOR_NAME = WidgetBackground;
				CODE_SIGN_STYLE = Automatic;
				DEVELOPMENT_TEAM = GY5GDJ28B9;
				INFOPLIST_FILE = ReminderWidget/Info.plist;
				LD_RUNPATH_SEARCH_PATHS = (
					"$(inherited)",
					"@executable_path/Frameworks",
					"@executable_path/../../Frameworks",
				);
				PRODUCT_BUNDLE_IDENTIFIER = com.fixedSolution.Reminders.ReminderWidget;
				PRODUCT_NAME = "$(TARGET_NAME)";
				SKIP_INSTALL = YES;
				SWIFT_VERSION = 5.0;
				TARGETED_DEVICE_FAMILY = "1,2";
			};
			name = Debug;
		};
		FA7E0FB526684A0B00E642C1 /* Release */ = {
			isa = XCBuildConfiguration;
			buildSettings = {
				ASSETCATALOG_COMPILER_GLOBAL_ACCENT_COLOR_NAME = AccentColor;
				ASSETCATALOG_COMPILER_WIDGET_BACKGROUND_COLOR_NAME = WidgetBackground;
				CODE_SIGN_STYLE = Automatic;
				DEVELOPMENT_TEAM = GY5GDJ28B9;
				INFOPLIST_FILE = ReminderWidget/Info.plist;
				LD_RUNPATH_SEARCH_PATHS = (
					"$(inherited)",
					"@executable_path/Frameworks",
					"@executable_path/../../Frameworks",
				);
				PRODUCT_BUNDLE_IDENTIFIER = com.fixedSolution.Reminders.ReminderWidget;
				PRODUCT_NAME = "$(TARGET_NAME)";
				SKIP_INSTALL = YES;
				SWIFT_VERSION = 5.0;
				TARGETED_DEVICE_FAMILY = "1,2";
			};
			name = Release;
		};
/* End XCBuildConfiguration section */

/* Begin XCConfigurationList section */
		EA22B5742666D15E00A39916 /* Build configuration list for PBXProject "Reminders" */ = {
			isa = XCConfigurationList;
			buildConfigurations = (
				EA22B58B2666D16000A39916 /* Debug */,
				EA22B58C2666D16000A39916 /* Release */,
			);
			defaultConfigurationIsVisible = 0;
			defaultConfigurationName = Release;
		};
		EA22B58D2666D16000A39916 /* Build configuration list for PBXNativeTarget "Reminders" */ = {
			isa = XCConfigurationList;
			buildConfigurations = (
				EA22B58E2666D16000A39916 /* Debug */,
				EA22B58F2666D16000A39916 /* Release */,
			);
			defaultConfigurationIsVisible = 0;
			defaultConfigurationName = Release;
		};
		FA7E0FB326684A0B00E642C1 /* Build configuration list for PBXNativeTarget "ReminderWidgetExtension" */ = {
			isa = XCConfigurationList;
			buildConfigurations = (
				FA7E0FB426684A0B00E642C1 /* Debug */,
				FA7E0FB526684A0B00E642C1 /* Release */,
			);
			defaultConfigurationIsVisible = 0;
			defaultConfigurationName = Release;
		};
/* End XCConfigurationList section */

/* Begin XCVersionGroup section */
		EA22B5872666D16000A39916 /* Reminders.xcdatamodeld */ = {
			isa = XCVersionGroup;
			children = (
				EA22B5882666D16000A39916 /* Reminders.xcdatamodel */,
			);
			currentVersion = EA22B5882666D16000A39916 /* Reminders.xcdatamodel */;
			path = Reminders.xcdatamodeld;
			sourceTree = "<group>";
			versionGroupType = wrapper.xcdatamodel;
		};
/* End XCVersionGroup section */
	};
	rootObject = EA22B5712666D15E00A39916 /* Project object */;
}
